version: 6
environments:
  default:
    channels:
    - url: https://conda.anaconda.org/conda-forge/
    options:
      pypi-prerelease-mode: if-necessary-or-explicit
    packages:
      win-64:
      - conda: https://conda.anaconda.org/conda-forge/win-64/git-2.55.0-h57928b3_0.conda
      - conda: https://conda.anaconda.org/conda-forge/win-64/nodejs-26.5.0-h80d1838_0.conda
packages:
- conda: https://conda.anaconda.org/conda-forge/win-64/git-2.55.0-h57928b3_0.conda
  sha256: f2bc2bc6443cb167a5004727d94aafa3f153dc40ef63d2eb0e00624d6efa5a78
  md5: 8020deb32e6593aef6135b0bdaee2567
  license: GPL-2.0-or-later and LGPL-2.1-or-later
  size: 124433368
  timestamp: 1783066367891
- conda: https://conda.anaconda.org/conda-forge/win-64/nodejs-26.5.0-h80d1838_0.conda
  sha256: 7abb526204569a6c588db2023fba02aa043592aff2f5fd7c11650356845b7615
  md5: 3ceafecd1edea9607722ee17d358bb73
  license: MIT
  size: 34010185
  timestamp: 1783543417685
